<Solution>
  <Folder Name="/aspire/">
    <Project Path="aspire/Snakk.ServiceDefaults/Snakk.ServiceDefaults.csproj" />
  </Folder>
  <Folder Name="/core/">
    <Project Path="core/Snakk.Application/Snakk.Application.csproj" />
    <Project Path="core/Snakk.DataProtection/Snakk.DataProtection.csproj" />
    <Project Path="core/Snakk.Domain/Snakk.Domain.csproj" />
    <Project Path="core/Snakk.Infrastructure.Database/Snakk.Infrastructure.Database.csproj" />
    <Project Path="core/Snakk.Infrastructure/Snakk.Infrastructure.csproj" />
    <Project Path="core/Snakk.Protos/Snakk.Protos.csproj" />
    <Project Path="core/Snakk.Shared/Snakk.Shared.csproj" />
  </Folder>
  <Folder Name="/services/">
    <Project Path="services/Snakk.Api/Snakk.Api.csproj" />
    <Project Path="services/Snakk.Gateway/Snakk.Gateway.csproj" />
    <Project Path="services/Snakk.PublicApi/Snakk.PublicApi.csproj" />
    <Project Path="services/Snakk.Realtime/Snakk.Realtime.csproj" />
    <Project Path="services/Snakk.Worker/Snakk.Worker.csproj" />
  </Folder>
  <Folder Name="/apps/">
    <Project Path="apps/Snakk.Admin/Snakk.Admin.csproj" />
    <Project Path="apps/Snakk.Auth/Snakk.Auth.csproj" />
    <Project Path="apps/Snakk.Setup/Snakk.Setup.csproj" />
    <Project Path="apps/Snakk.Web/Snakk.Web.csproj" />
  </Folder>
  <Folder Name="/tools/">
    <Project Path="tools/Snakk.DbSeeder/Snakk.DbSeeder.csproj" />
  </Folder>
</Solution>
